// !$*UTF8*$!
{
	archiveVersion = 1;
	classes = {
	};
	objectVersion = 46;
	objects = {

/* Begin PBXBuildFile section */
		5B1B48321FAB478B00F669AB /* ThirdWeekThreeDemoModel.swift in Sources */ = {isa = PBXBuildFile; fileRef = 5B1B48311FAB478B00F669AB /* ThirdWeekThreeDemoModel.swift */; };
		5B5D014C1FA7FF7A0057073D /* ThirdWeekVC.swift in Sources */ = {isa = PBXBuildFile; fileRef = 5B5D014B1FA7FF7A0057073D /* ThirdWeekVC.swift */; };
		5B5D014E1FA80D270057073D /* ThirdWeekOneDemo.swift in Sources */ = {isa = PBXBuildFile; fileRef = 5B5D014D1FA80D270057073D /* ThirdWeekOneDemo.swift */; };
		5B5D01531FA82A440057073D /* ThirdWeekOneCell.swift in Sources */ = {isa = PBXBuildFile; fileRef = 5B5D01511FA82A440057073D /* ThirdWeekOneCell.swift */; };
		5B5D01541FA82A440057073D /* ThirdWeekOneCell.xib in Resources */ = {isa = PBXBuildFile; fileRef = 5B5D01521FA82A440057073D /* ThirdWeekOneCell.xib */; };
		5B5D01561FA874F50057073D /* ThirdWeekOneFlowLayout.swift in Sources */ = {isa = PBXBuildFile; fileRef = 5B5D01551FA874F50057073D /* ThirdWeekOneFlowLayout.swift */; };
		5B8D25821FA4581F00B9A43F /* SecondWeekFourthlyCell.swift in Sources */ = {isa = PBXBuildFile; fileRef = 5B8D25801FA4581F00B9A43F /* SecondWeekFourthlyCell.swift */; };
		5B8D25831FA4581F00B9A43F /* SecondWeekFourthlyCell.xib in Resources */ = {isa = PBXBuildFile; fileRef = 5B8D25811FA4581F00B9A43F /* SecondWeekFourthlyCell.xib */; };
		5B8D25961FA4790700B9A43F /* SecondWeekThreeDemoCell.swift in Sources */ = {isa = PBXBuildFile; fileRef = 5B8D25941FA4790700B9A43F /* SecondWeekThreeDemoCell.swift */; };
		5B8D25971FA4790700B9A43F /* SecondWeekThreeDemoCell.xib in Resources */ = {isa = PBXBuildFile; fileRef = 5B8D25951FA4790700B9A43F /* SecondWeekThreeDemoCell.xib */; };
		5B8D25991FA4830600B9A43F /* SecondWeekThirdDemoModel.swift in Sources */ = {isa = PBXBuildFile; fileRef = 5B8D25981FA4830600B9A43F /* SecondWeekThirdDemoModel.swift */; };
		5B9135771FA34A85008723D3 /* SecondWeekTwoDemoCell.swift in Sources */ = {isa = PBXBuildFile; fileRef = 5B9135751FA34A85008723D3 /* SecondWeekTwoDemoCell.swift */; };
		5B9135781FA34A85008723D3 /* SecondWeekTwoDemoCell.xib in Resources */ = {isa = PBXBuildFile; fileRef = 5B9135761FA34A85008723D3 /* SecondWeekTwoDemoCell.xib */; };
		5B91357A1FA3554B008723D3 /* SecondWeekThreeDemo.swift in Sources */ = {isa = PBXBuildFile; fileRef = 5B9135791FA3554B008723D3 /* SecondWeekThreeDemo.swift */; };
		5B91357C1FA35591008723D3 /* SecondWeekFourthlyDemo.swift in Sources */ = {isa = PBXBuildFile; fileRef = 5B91357B1FA35591008723D3 /* SecondWeekFourthlyDemo.swift */; };
		5B9EA15A1F9EC73800AF5CBB /* SecondWeekVC.swift in Sources */ = {isa = PBXBuildFile; fileRef = 5B9EA1591F9EC73800AF5CBB /* SecondWeekVC.swift */; };
		5B9EA15C1F9EDC8400AF5CBB /* FirstWeekFourthlyModel.swift in Sources */ = {isa = PBXBuildFile; fileRef = 5B9EA15B1F9EDC8400AF5CBB /* FirstWeekFourthlyModel.swift */; };
		5B9EA15E1F9EE9FB00AF5CBB /* countryData.json in Resources */ = {isa = PBXBuildFile; fileRef = 5B9EA15D1F9EE9FB00AF5CBB /* countryData.json */; };
		87026C151FA21130005F51E6 /* SecondWeekOneDemoDetail.swift in Sources */ = {isa = PBXBuildFile; fileRef = 87026C131FA21130005F51E6 /* SecondWeekOneDemoDetail.swift */; };
		87026C161FA21130005F51E6 /* SecondWeekOneDemoDetail.xib in Resources */ = {isa = PBXBuildFile; fileRef = 87026C141FA21130005F51E6 /* SecondWeekOneDemoDetail.xib */; };
		87026C181FA21B0C005F51E6 /* SecondWeekTwoDemo.swift in Sources */ = {isa = PBXBuildFile; fileRef = 87026C171FA21B0C005F51E6 /* SecondWeekTwoDemo.swift */; };
		87026C1B1FA57B15005F51E6 /* SecondWeekThreeDemoEdit.swift in Sources */ = {isa = PBXBuildFile; fileRef = 87026C191FA57B15005F51E6 /* SecondWeekThreeDemoEdit.swift */; };
		87026C1C1FA57B15005F51E6 /* SecondWeekThreeDemoEdit.xib in Resources */ = {isa = PBXBuildFile; fileRef = 87026C1A1FA57B15005F51E6 /* SecondWeekThreeDemoEdit.xib */; };
		87026C1E1FA8C7FE005F51E6 /* ThirdWeekTwoDemo.swift in Sources */ = {isa = PBXBuildFile; fileRef = 87026C1D1FA8C7FE005F51E6 /* ThirdWeekTwoDemo.swift */; };
		87026C211FA8C901005F51E6 /* ThirdWeekTwoDemoCell.swift in Sources */ = {isa = PBXBuildFile; fileRef = 87026C1F1FA8C901005F51E6 /* ThirdWeekTwoDemoCell.swift */; };
		87026C221FA8C901005F51E6 /* ThirdWeekTwoDemoCell.xib in Resources */ = {isa = PBXBuildFile; fileRef = 87026C201FA8C901005F51E6 /* ThirdWeekTwoDemoCell.xib */; };
		87026C241FA9FFCA005F51E6 /* ThirdWeekThreeDemo.swift in Sources */ = {isa = PBXBuildFile; fileRef = 87026C231FA9FFCA005F51E6 /* ThirdWeekThreeDemo.swift */; };
		87026C271FAA0241005F51E6 /* ThirdWeekThreeDemoCell.swift in Sources */ = {isa = PBXBuildFile; fileRef = 87026C251FAA0241005F51E6 /* ThirdWeekThreeDemoCell.swift */; };
		87026C281FAA0241005F51E6 /* ThirdWeekThreeDemoCell.xib in Resources */ = {isa = PBXBuildFile; fileRef = 87026C261FAA0241005F51E6 /* ThirdWeekThreeDemoCell.xib */; };
		87026C2A1FAA02F9005F51E6 /* ThirdWeekThreeWaterFallLayout.swift in Sources */ = {isa = PBXBuildFile; fileRef = 87026C291FAA02F9005F51E6 /* ThirdWeekThreeWaterFallLayout.swift */; };
		87026C2C1FACA5C6005F51E6 /* ThirdWeekFourthlyDemo.swift in Sources */ = {isa = PBXBuildFile; fileRef = 87026C2B1FACA5C5005F51E6 /* ThirdWeekFourthlyDemo.swift */; };
		87026C2F1FACBED0005F51E6 /* ThirdWeekFourthlyDemoCell.swift in Sources */ = {isa = PBXBuildFile; fileRef = 87026C2D1FACBED0005F51E6 /* ThirdWeekFourthlyDemoCell.swift */; };
		87026C301FACBED0005F51E6 /* ThirdWeekFourthlyDemoCell.xib in Resources */ = {isa = PBXBuildFile; fileRef = 87026C2E1FACBED0005F51E6 /* ThirdWeekFourthlyDemoCell.xib */; };
		87026C331FACC631005F51E6 /* ThirdWeekFourthlyDemoTableCell.swift in Sources */ = {isa = PBXBuildFile; fileRef = 87026C311FACC631005F51E6 /* ThirdWeekFourthlyDemoTableCell.swift */; };
		87026C341FACC631005F51E6 /* ThirdWeekFourthlyDemoTableCell.xib in Resources */ = {isa = PBXBuildFile; fileRef = 87026C321FACC631005F51E6 /* ThirdWeekFourthlyDemoTableCell.xib */; };
		87026C361FADEC75005F51E6 /* ThirdWeekFifthDemo.swift in Sources */ = {isa = PBXBuildFile; fileRef = 87026C351FADEC75005F51E6 /* ThirdWeekFifthDemo.swift */; };
		87026C391FADEF8B005F51E6 /* ThirdWeekFifthDemoCell.swift in Sources */ = {isa = PBXBuildFile; fileRef = 87026C371FADEF8B005F51E6 /* ThirdWeekFifthDemoCell.swift */; };
		87026C3A1FADEF8B005F51E6 /* ThirdWeekFifthDemoCell.xib in Resources */ = {isa = PBXBuildFile; fileRef = 87026C381FADEF8B005F51E6 /* ThirdWeekFifthDemoCell.xib */; };
		87026C3D1FADF0CB005F51E6 /* ThirdWeekFifthDetailVC.swift in Sources */ = {isa = PBXBuildFile; fileRef = 87026C3B1FADF0CB005F51E6 /* ThirdWeekFifthDetailVC.swift */; };
		87026C3E1FADF0CB005F51E6 /* ThirdWeekFifthDetailVC.xib in Resources */ = {isa = PBXBuildFile; fileRef = 87026C3C1FADF0CB005F51E6 /* ThirdWeekFifthDetailVC.xib */; };
		875E17441F9348F600020A3F /* FirstWeekVC.swift in Sources */ = {isa = PBXBuildFile; fileRef = 875E17431F9348F600020A3F /* FirstWeekVC.swift */; };
		875E17491F934D0A00020A3F /* FirstWeekOneDemo.swift in Sources */ = {isa = PBXBuildFile; fileRef = 875E17471F934D0A00020A3F /* FirstWeekOneDemo.swift */; };
		875E174A1F934D0A00020A3F /* FirstWeekOneDemo.xib in Resources */ = {isa = PBXBuildFile; fileRef = 875E17481F934D0A00020A3F /* FirstWeekOneDemo.xib */; };
		875E174D1F9665A900020A3F /* FirstWeekTwoDemo.swift in Sources */ = {isa = PBXBuildFile; fileRef = 875E174B1F9665A900020A3F /* FirstWeekTwoDemo.swift */; };
		875E174E1F9665A900020A3F /* FirstWeekTwoDemo.xib in Resources */ = {isa = PBXBuildFile; fileRef = 875E174C1F9665A900020A3F /* FirstWeekTwoDemo.xib */; };
		875E17511F9A33E100020A3F /* FirstWeekThreeDemo.swift in Sources */ = {isa = PBXBuildFile; fileRef = 875E174F1F9A33E100020A3F /* FirstWeekThreeDemo.swift */; };
		875E17521F9A33E100020A3F /* FirstWeekThreeDemo.xib in Resources */ = {isa = PBXBuildFile; fileRef = 875E17501F9A33E100020A3F /* FirstWeekThreeDemo.xib */; };
		875E17551F9C7AF100020A3F /* FirstWeekFourthlyDemo.swift in Sources */ = {isa = PBXBuildFile; fileRef = 875E17531F9C7AF100020A3F /* FirstWeekFourthlyDemo.swift */; };
		875E17561F9C7AF100020A3F /* FirstWeekFourthlyDemo.xib in Resources */ = {isa = PBXBuildFile; fileRef = 875E17541F9C7AF100020A3F /* FirstWeekFourthlyDemo.xib */; };
		875E17591F9F71B500020A3F /* SecondWeekOneDemo.swift in Sources */ = {isa = PBXBuildFile; fileRef = 875E17571F9F71B500020A3F /* SecondWeekOneDemo.swift */; };
		875E175A1F9F71B500020A3F /* SecondWeekOneDemo.xib in Resources */ = {isa = PBXBuildFile; fileRef = 875E17581F9F71B500020A3F /* SecondWeekOneDemo.xib */; };
		875E175C1FA0C59700020A3F /* SecondWeekOneDemoModel.swift in Sources */ = {isa = PBXBuildFile; fileRef = 875E175B1FA0C59700020A3F /* SecondWeekOneDemoModel.swift */; };
		879D13E51FB08BA000B4705E /* FourWeekVC.swift in Sources */ = {isa = PBXBuildFile; fileRef = 879D13E41FB08BA000B4705E /* FourWeekVC.swift */; };
		879D13E81FB08F1100B4705E /* FourthlyWeekOneDemo.swift in Sources */ = {isa = PBXBuildFile; fileRef = 879D13E61FB08F1100B4705E /* FourthlyWeekOneDemo.swift */; };
		879D13E91FB08F1100B4705E /* FourthlyWeekOneDemo.xib in Resources */ = {isa = PBXBuildFile; fileRef = 879D13E71FB08F1100B4705E /* FourthlyWeekOneDemo.xib */; };
		879D13F41FB1E01000B4705E /* FourthlyWeekTwoDemo.swift in Sources */ = {isa = PBXBuildFile; fileRef = 879D13F21FB1E01000B4705E /* FourthlyWeekTwoDemo.swift */; };
		879D13F51FB1E01000B4705E /* FourthlyWeekTwoDemo.xib in Resources */ = {isa = PBXBuildFile; fileRef = 879D13F31FB1E01000B4705E /* FourthlyWeekTwoDemo.xib */; };
		87A96CDD1F8F967700CAC2B4 /* AppDelegate.swift in Sources */ = {isa = PBXBuildFile; fileRef = 87A96CDC1F8F967700CAC2B4 /* AppDelegate.swift */; };
		87A96CDF1F8F967700CAC2B4 /* ViewController.swift in Sources */ = {isa = PBXBuildFile; fileRef = 87A96CDE1F8F967700CAC2B4 /* ViewController.swift */; };
		87A96CE21F8F967700CAC2B4 /* Main.storyboard in Resources */ = {isa = PBXBuildFile; fileRef = 87A96CE01F8F967700CAC2B4 /* Main.storyboard */; };
		87A96CE41F8F967700CAC2B4 /* Assets.xcassets in Resources */ = {isa = PBXBuildFile; fileRef = 87A96CE31F8F967700CAC2B4 /* Assets.xcassets */; };
		87A96CE71F8F967700CAC2B4 /* LaunchScreen.storyboard in Resources */ = {isa = PBXBuildFile; fileRef = 87A96CE51F8F967700CAC2B4 /* LaunchScreen.storyboard */; };
		87A96CF21F8F967700CAC2B4 /* SwiftSelfStudyTests.swift in Sources */ = {isa = PBXBuildFile; fileRef = 87A96CF11F8F967700CAC2B4 /* SwiftSelfStudyTests.swift */; };
		87A96CFD1F8F967700CAC2B4 /* SwiftSelfStudyUITests.swift in Sources */ = {isa = PBXBuildFile; fileRef = 87A96CFC1F8F967700CAC2B4 /* SwiftSelfStudyUITests.swift */; };
/* End PBXBuildFile section */

/* Begin PBXContainerItemProxy section */
		87A96CEE1F8F967700CAC2B4 /* PBXContainerItemProxy */ = {
			isa = PBXContainerItemProxy;
			containerPortal = 87A96CD11F8F967700CAC2B4 /* Project object */;
			proxyType = 1;
			remoteGlobalIDString = 87A96CD81F8F967700CAC2B4;
			remoteInfo = SwiftSelfStudy;
		};
		87A96CF91F8F967700CAC2B4 /* PBXContainerItemProxy */ = {
			isa = PBXContainerItemProxy;
			containerPortal = 87A96CD11F8F967700CAC2B4 /* Project object */;
			proxyType = 1;
			remoteGlobalIDString = 87A96CD81F8F967700CAC2B4;
			remoteInfo = SwiftSelfStudy;
		};
/* End PBXContainerItemProxy section */

/* Begin PBXFileReference section */
		5B1B48311FAB478B00F669AB /* ThirdWeekThreeDemoModel.swift */ = {isa = PBXFileReference; fileEncoding = 4; lastKnownFileType = sourcecode.swift; path = ThirdWeekThreeDemoModel.swift; sourceTree = "<group>"; };
		5B5D014B1FA7FF7A0057073D /* ThirdWeekVC.swift */ = {isa = PBXFileReference; fileEncoding = 4; lastKnownFileType = sourcecode.swift; path = ThirdWeekVC.swift; sourceTree = "<group>"; };
		5B5D014D1FA80D270057073D /* ThirdWeekOneDemo.swift */ = {isa = PBXFileReference; fileEncoding = 4; lastKnownFileType = sourcecode.swift; path = ThirdWeekOneDemo.swift; sourceTree = "<group>"; };
		5B5D01511FA82A440057073D /* ThirdWeekOneCell.swift */ = {isa = PBXFileReference; fileEncoding = 4; lastKnownFileType = sourcecode.swift; path = ThirdWeekOneCell.swift; sourceTree = "<group>"; };
		5B5D01521FA82A440057073D /* ThirdWeekOneCell.xib */ = {isa = PBXFileReference; fileEncoding = 4; lastKnownFileType = file.xib; path = ThirdWeekOneCell.xib; sourceTree = "<group>"; };
		5B5D01551FA874F50057073D /* ThirdWeekOneFlowLayout.swift */ = {isa = PBXFileReference; fileEncoding = 4; lastKnownFileType = sourcecode.swift; path = ThirdWeekOneFlowLayout.swift; sourceTree = "<group>"; };
		5B8D25801FA4581F00B9A43F /* SecondWeekFourthlyCell.swift */ = {isa = PBXFileReference; fileEncoding = 4; lastKnownFileType = sourcecode.swift; path = SecondWeekFourthlyCell.swift; sourceTree = "<group>"; };
		5B8D25811FA4581F00B9A43F /* SecondWeekFourthlyCell.xib */ = {isa = PBXFileReference; fileEncoding = 4; lastKnownFileType = file.xib; path = SecondWeekFourthlyCell.xib; sourceTree = "<group>"; };
		5B8D25941FA4790700B9A43F /* SecondWeekThreeDemoCell.swift */ = {isa = PBXFileReference; fileEncoding = 4; lastKnownFileType = sourcecode.swift; path = SecondWeekThreeDemoCell.swift; sourceTree = "<group>"; };
		5B8D25951FA4790700B9A43F /* SecondWeekThreeDemoCell.xib */ = {isa = PBXFileReference; fileEncoding = 4; lastKnownFileType = file.xib; path = SecondWeekThreeDemoCell.xib; sourceTree = "<group>"; };
		5B8D25981FA4830600B9A43F /* SecondWeekThirdDemoModel.swift */ = {isa = PBXFileReference; fileEncoding = 4; lastKnownFileType = sourcecode.swift; path = SecondWeekThirdDemoModel.swift; sourceTree = "<group>"; };
		5B9135751FA34A85008723D3 /* SecondWeekTwoDemoCell.swift */ = {isa = PBXFileReference; fileEncoding = 4; lastKnownFileType = sourcecode.swift; path = SecondWeekTwoDemoCell.swift; sourceTree = "<group>"; };
		5B9135761FA34A85008723D3 /* SecondWeekTwoDemoCell.xib */ = {isa = PBXFileReference; fileEncoding = 4; lastKnownFileType = file.xib; path = SecondWeekTwoDemoCell.xib; sourceTree = "<group>"; };
		5B9135791FA3554B008723D3 /* SecondWeekThreeDemo.swift */ = {isa = PBXFileReference; fileEncoding = 4; lastKnownFileType = sourcecode.swift; path = SecondWeekThreeDemo.swift; sourceTree = "<group>"; };
		5B91357B1FA35591008723D3 /* SecondWeekFourthlyDemo.swift */ = {isa = PBXFileReference; fileEncoding = 4; lastKnownFileType = sourcecode.swift; path = SecondWeekFourthlyDemo.swift; sourceTree = "<group>"; };
		5B9EA1591F9EC73800AF5CBB /* SecondWeekVC.swift */ = {isa = PBXFileReference; fileEncoding = 4; lastKnownFileType = sourcecode.swift; path = SecondWeekVC.swift; sourceTree = "<group>"; };
		5B9EA15B1F9EDC8400AF5CBB /* FirstWeekFourthlyModel.swift */ = {isa = PBXFileReference; fileEncoding = 4; lastKnownFileType = sourcecode.swift; path = FirstWeekFourthlyModel.swift; sourceTree = "<group>"; };
		5B9EA15D1F9EE9FB00AF5CBB /* countryData.json */ = {isa = PBXFileReference; fileEncoding = 4; lastKnownFileType = text.json; path = countryData.json; sourceTree = "<group>"; };
		87026C131FA21130005F51E6 /* SecondWeekOneDemoDetail.swift */ = {isa = PBXFileReference; fileEncoding = 4; lastKnownFileType = sourcecode.swift; path = SecondWeekOneDemoDetail.swift; sourceTree = "<group>"; };
		87026C141FA21130005F51E6 /* SecondWeekOneDemoDetail.xib */ = {isa = PBXFileReference; fileEncoding = 4; lastKnownFileType = file.xib; path = SecondWeekOneDemoDetail.xib; sourceTree = "<group>"; };
		87026C171FA21B0C005F51E6 /* SecondWeekTwoDemo.swift */ = {isa = PBXFileReference; fileEncoding = 4; lastKnownFileType = sourcecode.swift; path = SecondWeekTwoDemo.swift; sourceTree = "<group>"; };
		87026C191FA57B15005F51E6 /* SecondWeekThreeDemoEdit.swift */ = {isa = PBXFileReference; fileEncoding = 4; lastKnownFileType = sourcecode.swift; path = SecondWeekThreeDemoEdit.swift; sourceTree = "<group>"; };
		87026C1A1FA57B15005F51E6 /* SecondWeekThreeDemoEdit.xib */ = {isa = PBXFileReference; fileEncoding = 4; lastKnownFileType = file.xib; path = SecondWeekThreeDemoEdit.xib; sourceTree = "<group>"; };
		87026C1D1FA8C7FE005F51E6 /* ThirdWeekTwoDemo.swift */ = {isa = PBXFileReference; fileEncoding = 4; lastKnownFileType = sourcecode.swift; path = ThirdWeekTwoDemo.swift; sourceTree = "<group>"; };
		87026C1F1FA8C901005F51E6 /* ThirdWeekTwoDemoCell.swift */ = {isa = PBXFileReference; fileEncoding = 4; lastKnownFileType = sourcecode.swift; path = ThirdWeekTwoDemoCell.swift; sourceTree = "<group>"; };
		87026C201FA8C901005F51E6 /* ThirdWeekTwoDemoCell.xib */ = {isa = PBXFileReference; fileEncoding = 4; lastKnownFileType = file.xib; path = ThirdWeekTwoDemoCell.xib; sourceTree = "<group>"; };
		87026C231FA9FFCA005F51E6 /* ThirdWeekThreeDemo.swift */ = {isa = PBXFileReference; fileEncoding = 4; lastKnownFileType = sourcecode.swift; path = ThirdWeekThreeDemo.swift; sourceTree = "<group>"; };
		87026C251FAA0241005F51E6 /* ThirdWeekThreeDemoCell.swift */ = {isa = PBXFileReference; fileEncoding = 4; lastKnownFileType = sourcecode.swift; path = ThirdWeekThreeDemoCell.swift; sourceTree = "<group>"; };
		87026C261FAA0241005F51E6 /* ThirdWeekThreeDemoCell.xib */ = {isa = PBXFileReference; fileEncoding = 4; lastKnownFileType = file.xib; path = ThirdWeekThreeDemoCell.xib; sourceTree = "<group>"; };
		87026C291FAA02F9005F51E6 /* ThirdWeekThreeWaterFallLayout.swift */ = {isa = PBXFileReference; fileEncoding = 4; lastKnownFileType = sourcecode.swift; path = ThirdWeekThreeWaterFallLayout.swift; sourceTree = "<group>"; };
		87026C2B1FACA5C5005F51E6 /* ThirdWeekFourthlyDemo.swift */ = {isa = PBXFileReference; fileEncoding = 4; lastKnownFileType = sourcecode.swift; path = ThirdWeekFourthlyDemo.swift; sourceTree = "<group>"; };
		87026C2D1FACBED0005F51E6 /* ThirdWeekFourthlyDemoCell.swift */ = {isa = PBXFileReference; fileEncoding = 4; lastKnownFileType = sourcecode.swift; path = ThirdWeekFourthlyDemoCell.swift; sourceTree = "<group>"; };
		87026C2E1FACBED0005F51E6 /* ThirdWeekFourthlyDemoCell.xib */ = {isa = PBXFileReference; fileEncoding = 4; lastKnownFileType = file.xib; path = ThirdWeekFourthlyDemoCell.xib; sourceTree = "<group>"; };
		87026C311FACC631005F51E6 /* ThirdWeekFourthlyDemoTableCell.swift */ = {isa = PBXFileReference; fileEncoding = 4; lastKnownFileType = sourcecode.swift; path = ThirdWeekFourthlyDemoTableCell.swift; sourceTree = "<group>"; };
		87026C321FACC631005F51E6 /* ThirdWeekFourthlyDemoTableCell.xib */ = {isa = PBXFileReference; fileEncoding = 4; lastKnownFileType = file.xib; path = ThirdWeekFourthlyDemoTableCell.xib; sourceTree = "<group>"; };
		87026C351FADEC75005F51E6 /* ThirdWeekFifthDemo.swift */ = {isa = PBXFileReference; fileEncoding = 4; lastKnownFileType = sourcecode.swift; path = ThirdWeekFifthDemo.swift; sourceTree = "<group>"; };
		87026C371FADEF8B005F51E6 /* ThirdWeekFifthDemoCell.swift */ = {isa = PBXFileReference; fileEncoding = 4; lastKnownFileType = sourcecode.swift; path = ThirdWeekFifthDemoCell.swift; sourceTree = "<group>"; };
		87026C381FADEF8B005F51E6 /* ThirdWeekFifthDemoCell.xib */ = {isa = PBXFileReference; fileEncoding = 4; lastKnownFileType = file.xib; path = ThirdWeekFifthDemoCell.xib; sourceTree = "<group>"; };
		87026C3B1FADF0CB005F51E6 /* ThirdWeekFifthDetailVC.swift */ = {isa = PBXFileReference; fileEncoding = 4; lastKnownFileType = sourcecode.swift; path = ThirdWeekFifthDetailVC.swift; sourceTree = "<group>"; };
		87026C3C1FADF0CB005F51E6 /* ThirdWeekFifthDetailVC.xib */ = {isa = PBXFileReference; fileEncoding = 4; lastKnownFileType = file.xib; path = ThirdWeekFifthDetailVC.xib; sourceTree = "<group>"; };
		875E17431F9348F600020A3F /* FirstWeekVC.swift */ = {isa = PBXFileReference; fileEncoding = 4; lastKnownFileType = sourcecode.swift; path = FirstWeekVC.swift; sourceTree = "<group>"; };
		875E17471F934D0A00020A3F /* FirstWeekOneDemo.swift */ = {isa = PBXFileReference; fileEncoding = 4; lastKnownFileType = sourcecode.swift; path = FirstWeekOneDemo.swift; sourceTree = "<group>"; };
		875E17481F934D0A00020A3F /* FirstWeekOneDemo.xib */ = {isa = PBXFileReference; fileEncoding = 4; lastKnownFileType = file.xib; path = FirstWeekOneDemo.xib; sourceTree = "<group>"; };
		875E174B1F9665A900020A3F /* FirstWeekTwoDemo.swift */ = {isa = PBXFileReference; fileEncoding = 4; lastKnownFileType = sourcecode.swift; path = FirstWeekTwoDemo.swift; sourceTree = "<group>"; };
		875E174C1F9665A900020A3F /* FirstWeekTwoDemo.xib */ = {isa = PBXFileReference; fileEncoding = 4; lastKnownFileType = file.xib; path = FirstWeekTwoDemo.xib; sourceTree = "<group>"; };
		875E174F1F9A33E100020A3F /* FirstWeekThreeDemo.swift */ = {isa = PBXFileReference; fileEncoding = 4; lastKnownFileType = sourcecode.swift; path = FirstWeekThreeDemo.swift; sourceTree = "<group>"; };
		875E17501F9A33E100020A3F /* FirstWeekThreeDemo.xib */ = {isa = PBXFileReference; fileEncoding = 4; lastKnownFileType = file.xib; path = FirstWeekThreeDemo.xib; sourceTree = "<group>"; };
		875E17531F9C7AF100020A3F /* FirstWeekFourthlyDemo.swift */ = {isa = PBXFileReference; fileEncoding = 4; lastKnownFileType = sourcecode.swift; path = FirstWeekFourthlyDemo.swift; sourceTree = "<group>"; };
		875E17541F9C7AF100020A3F /* FirstWeekFourthlyDemo.xib */ = {isa = PBXFileReference; fileEncoding = 4; lastKnownFileType = file.xib; path = FirstWeekFourthlyDemo.xib; sourceTree = "<group>"; };
		875E17571F9F71B500020A3F /* SecondWeekOneDemo.swift */ = {isa = PBXFileReference; fileEncoding = 4; lastKnownFileType = sourcecode.swift; path = SecondWeekOneDemo.swift; sourceTree = "<group>"; };
		875E17581F9F71B500020A3F /* SecondWeekOneDemo.xib */ = {isa = PBXFileReference; fileEncoding = 4; lastKnownFileType = file.xib; path = SecondWeekOneDemo.xib; sourceTree = "<group>"; };
		875E175B1FA0C59700020A3F /* SecondWeekOneDemoModel.swift */ = {isa = PBXFileReference; fileEncoding = 4; lastKnownFileType = sourcecode.swift; path = SecondWeekOneDemoModel.swift; sourceTree = "<group>"; };
		879D13E41FB08BA000B4705E /* FourWeekVC.swift */ = {isa = PBXFileReference; fileEncoding = 4; lastKnownFileType = sourcecode.swift; path = FourWeekVC.swift; sourceTree = "<group>"; };
		879D13E61FB08F1100B4705E /* FourthlyWeekOneDemo.swift */ = {isa = PBXFileReference; fileEncoding = 4; lastKnownFileType = sourcecode.swift; path = FourthlyWeekOneDemo.swift; sourceTree = "<group>"; };
		879D13E71FB08F1100B4705E /* FourthlyWeekOneDemo.xib */ = {isa = PBXFileReference; fileEncoding = 4; lastKnownFileType = file.xib; path = FourthlyWeekOneDemo.xib; sourceTree = "<group>"; };
		879D13F21FB1E01000B4705E /* FourthlyWeekTwoDemo.swift */ = {isa = PBXFileReference; fileEncoding = 4; lastKnownFileType = sourcecode.swift; path = FourthlyWeekTwoDemo.swift; sourceTree = "<group>"; };
		879D13F31FB1E01000B4705E /* FourthlyWeekTwoDemo.xib */ = {isa = PBXFileReference; fileEncoding = 4; lastKnownFileType = file.xib; path = FourthlyWeekTwoDemo.xib; sourceTree = "<group>"; };
		87A96CD91F8F967700CAC2B4 /* SwiftSelfStudy.app */ = {isa = PBXFileReference; explicitFileType = wrapper.application; includeInIndex = 0; path = SwiftSelfStudy.app; sourceTree = BUILT_PRODUCTS_DIR; };
		87A96CDC1F8F967700CAC2B4 /* AppDelegate.swift */ = {isa = PBXFileReference; lastKnownFileType = sourcecode.swift; path = AppDelegate.swift; sourceTree = "<group>"; };
		87A96CDE1F8F967700CAC2B4 /* ViewController.swift */ = {isa = PBXFileReference; lastKnownFileType = sourcecode.swift; path = ViewController.swift; sourceTree = "<group>"; };
		87A96CE11F8F967700CAC2B4 /* Base */ = {isa = PBXFileReference; lastKnownFileType = file.storyboard; name = Base; path = Base.lproj/Main.storyboard; sourceTree = "<group>"; };
		87A96CE31F8F967700CAC2B4 /* Assets.xcassets */ = {isa = PBXFileReference; lastKnownFileType = folder.assetcatalog; path = Assets.xcassets; sourceTree = "<group>"; };
		87A96CE61F8F967700CAC2B4 /* Base */ = {isa = PBXFileReference; lastKnownFileType = file.storyboard; name = Base; path = Base.lproj/LaunchScreen.storyboard; sourceTree = "<group>"; };
		87A96CE81F8F967700CAC2B4 /* Info.plist */ = {isa = PBXFileReference; lastKnownFileType = text.plist.xml; path = Info.plist; sourceTree = "<group>"; };
		87A96CED1F8F967700CAC2B4 /* SwiftSelfStudyTests.xctest */ = {isa = PBXFileReference; explicitFileType = wrapper.cfbundle; includeInIndex = 0; path = SwiftSelfStudyTests.xctest; sourceTree = BUILT_PRODUCTS_DIR; };
		87A96CF11F8F967700CAC2B4 /* SwiftSelfStudyTests.swift */ = {isa = PBXFileReference; lastKnownFileType = sourcecode.swift; path = SwiftSelfStudyTests.swift; sourceTree = "<group>"; };
		87A96CF31F8F967700CAC2B4 /* Info.plist */ = {isa = PBXFileReference; lastKnownFileType = text.plist.xml; path = Info.plist; sourceTree = "<group>"; };
		87A96CF81F8F967700CAC2B4 /* SwiftSelfStudyUITests.xctest */ = {isa = PBXFileReference; explicitFileType = wrapper.cfbundle; includeInIndex = 0; path = SwiftSelfStudyUITests.xctest; sourceTree = BUILT_PRODUCTS_DIR; };
		87A96CFC1F8F967700CAC2B4 /* SwiftSelfStudyUITests.swift */ = {isa = PBXFileReference; lastKnownFileType = sourcecode.swift; path = SwiftSelfStudyUITests.swift; sourceTree = "<group>"; };
		87A96CFE1F8F967700CAC2B4 /* Info.plist */ = {isa = PBXFileReference; lastKnownFileType = text.plist.xml; path = Info.plist; sourceTree = "<group>"; };
/* End PBXFileReference section */

/* Begin PBXFrameworksBuildPhase section */
		87A96CD61F8F967700CAC2B4 /* Frameworks */ = {
			isa = PBXFrameworksBuildPhase;
			buildActionMask = 2147483647;
			files = (
			);
			runOnlyForDeploymentPostprocessing = 0;
		};
		87A96CEA1F8F967700CAC2B4 /* Frameworks */ = {
			isa = PBXFrameworksBuildPhase;
			buildActionMask = 2147483647;
			files = (
			);
			runOnlyForDeploymentPostprocessing = 0;
		};
		87A96CF51F8F967700CAC2B4 /* Frameworks */ = {
			isa = PBXFrameworksBuildPhase;
			buildActionMask = 2147483647;
			files = (
			);
			runOnlyForDeploymentPostprocessing = 0;
		};
/* End PBXFrameworksBuildPhase section */

/* Begin PBXGroup section */
		5B5D014A1FA7FDD90057073D /* Third Week */ = {
			isa = PBXGroup;
			children = (
				5B5D014B1FA7FF7A0057073D /* ThirdWeekVC.swift */,
				5B5D014D1FA80D270057073D /* ThirdWeekOneDemo.swift */,
				5B5D01511FA82A440057073D /* ThirdWeekOneCell.swift */,
				5B5D01551FA874F50057073D /* ThirdWeekOneFlowLayout.swift */,
				5B5D01521FA82A440057073D /* ThirdWeekOneCell.xib */,
				87026C1D1FA8C7FE005F51E6 /* ThirdWeekTwoDemo.swift */,
				87026C1F1FA8C901005F51E6 /* ThirdWeekTwoDemoCell.swift */,
				87026C201FA8C901005F51E6 /* ThirdWeekTwoDemoCell.xib */,
				87026C231FA9FFCA005F51E6 /* ThirdWeekThreeDemo.swift */,
				5B1B48311FAB478B00F669AB /* ThirdWeekThreeDemoModel.swift */,
				87026C251FAA0241005F51E6 /* ThirdWeekThreeDemoCell.swift */,
				87026C261FAA0241005F51E6 /* ThirdWeekThreeDemoCell.xib */,
				87026C291FAA02F9005F51E6 /* ThirdWeekThreeWaterFallLayout.swift */,
				87026C2B1FACA5C5005F51E6 /* ThirdWeekFourthlyDemo.swift */,
				87026C311FACC631005F51E6 /* ThirdWeekFourthlyDemoTableCell.swift */,
				87026C321FACC631005F51E6 /* ThirdWeekFourthlyDemoTableCell.xib */,
				87026C2D1FACBED0005F51E6 /* ThirdWeekFourthlyDemoCell.swift */,
				87026C2E1FACBED0005F51E6 /* ThirdWeekFourthlyDemoCell.xib */,
				87026C351FADEC75005F51E6 /* ThirdWeekFifthDemo.swift */,
				87026C371FADEF8B005F51E6 /* ThirdWeekFifthDemoCell.swift */,
				87026C381FADEF8B005F51E6 /* ThirdWeekFifthDemoCell.xib */,
				87026C3B1FADF0CB005F51E6 /* ThirdWeekFifthDetailVC.swift */,
				87026C3C1FADF0CB005F51E6 /* ThirdWeekFifthDetailVC.xib */,
			);
			path = "Third Week";
			sourceTree = "<group>";
		};
		5B9EA1581F9EC66A00AF5CBB /* Second Week */ = {
			isa = PBXGroup;
			children = (
				5B9EA1591F9EC73800AF5CBB /* SecondWeekVC.swift */,
				875E17571F9F71B500020A3F /* SecondWeekOneDemo.swift */,
				875E17581F9F71B500020A3F /* SecondWeekOneDemo.xib */,
				875E175B1FA0C59700020A3F /* SecondWeekOneDemoModel.swift */,
				87026C131FA21130005F51E6 /* SecondWeekOneDemoDetail.swift */,
				87026C141FA21130005F51E6 /* SecondWeekOneDemoDetail.xib */,
				87026C171FA21B0C005F51E6 /* SecondWeekTwoDemo.swift */,
				5B9135751FA34A85008723D3 /* SecondWeekTwoDemoCell.swift */,
				5B9135761FA34A85008723D3 /* SecondWeekTwoDemoCell.xib */,
				5B9135791FA3554B008723D3 /* SecondWeekThreeDemo.swift */,
				87026C191FA57B15005F51E6 /* SecondWeekThreeDemoEdit.swift */,
				87026C1A1FA57B15005F51E6 /* SecondWeekThreeDemoEdit.xib */,
				5B8D25941FA4790700B9A43F /* SecondWeekThreeDemoCell.swift */,
				5B8D25951FA4790700B9A43F /* SecondWeekThreeDemoCell.xib */,
				5B8D25981FA4830600B9A43F /* SecondWeekThirdDemoModel.swift */,
				5B91357B1FA35591008723D3 /* SecondWeekFourthlyDemo.swift */,
				5B8D25801FA4581F00B9A43F /* SecondWeekFourthlyCell.swift */,
				5B8D25811FA4581F00B9A43F /* SecondWeekFourthlyCell.xib */,
			);
			path = "Second Week";
			sourceTree = "<group>";
		};
		875E173F1F9343CD00020A3F /* Viewcontrollers */ = {
			isa = PBXGroup;
			children = (
				879D13E31FB08A8600B4705E /* Four Week */,
				5B5D014A1FA7FDD90057073D /* Third Week */,
				5B9EA1581F9EC66A00AF5CBB /* Second Week */,
				875E17401F93442B00020A3F /* First Week */,
			);
			path = Viewcontrollers;
			sourceTree = "<group>";
		};
		875E17401F93442B00020A3F /* First Week */ = {
			isa = PBXGroup;
			children = (
				875E17431F9348F600020A3F /* FirstWeekVC.swift */,
				875E17471F934D0A00020A3F /* FirstWeekOneDemo.swift */,
				875E17481F934D0A00020A3F /* FirstWeekOneDemo.xib */,
				875E174B1F9665A900020A3F /* FirstWeekTwoDemo.swift */,
				875E174C1F9665A900020A3F /* FirstWeekTwoDemo.xib */,
				875E174F1F9A33E100020A3F /* FirstWeekThreeDemo.swift */,
				875E17501F9A33E100020A3F /* FirstWeekThreeDemo.xib */,
				875E17531F9C7AF100020A3F /* FirstWeekFourthlyDemo.swift */,
				875E17541F9C7AF100020A3F /* FirstWeekFourthlyDemo.xib */,
				5B9EA15B1F9EDC8400AF5CBB /* FirstWeekFourthlyModel.swift */,
				5B9EA15D1F9EE9FB00AF5CBB /* countryData.json */,
			);
			path = "First Week";
			sourceTree = "<group>";
		};
		879D13E31FB08A8600B4705E /* Four Week */ = {
			isa = PBXGroup;
			children = (
				879D13F21FB1E01000B4705E /* FourthlyWeekTwoDemo.swift */,
				879D13F31FB1E01000B4705E /* FourthlyWeekTwoDemo.xib */,
				879D13E41FB08BA000B4705E /* FourWeekVC.swift */,
				879D13E61FB08F1100B4705E /* FourthlyWeekOneDemo.swift */,
				879D13E71FB08F1100B4705E /* FourthlyWeekOneDemo.xib */,
			);
			path = "Four Week";
			sourceTree = "<group>";
		};
		87A96CD01F8F967700CAC2B4 = {
			isa = PBXGroup;
			children = (
				87A96CDB1F8F967700CAC2B4 /* SwiftSelfStudy */,
				87A96CF01F8F967700CAC2B4 /* SwiftSelfStudyTests */,
				87A96CFB1F8F967700CAC2B4 /* SwiftSelfStudyUITests */,
				87A96CDA1F8F967700CAC2B4 /* Products */,
			);
			sourceTree = "<group>";
		};
		87A96CDA1F8F967700CAC2B4 /* Products */ = {
			isa = PBXGroup;
			children = (
				87A96CD91F8F967700CAC2B4 /* SwiftSelfStudy.app */,
				87A96CED1F8F967700CAC2B4 /* SwiftSelfStudyTests.xctest */,
				87A96CF81F8F967700CAC2B4 /* SwiftSelfStudyUITests.xctest */,
			);
			name = Products;
			sourceTree = "<group>";
		};
		87A96CDB1F8F967700CAC2B4 /* SwiftSelfStudy */ = {
			isa = PBXGroup;
			children = (
				875E173F1F9343CD00020A3F /* Viewcontrollers */,
				87A96CDC1F8F967700CAC2B4 /* AppDelegate.swift */,
				87A96CDE1F8F967700CAC2B4 /* ViewController.swift */,
				87A96CE01F8F967700CAC2B4 /* Main.storyboard */,
				87A96CE31F8F967700CAC2B4 /* Assets.xcassets */,
				87A96CE51F8F967700CAC2B4 /* LaunchScreen.storyboard */,
				87A96CE81F8F967700CAC2B4 /* Info.plist */,
			);
			path = SwiftSelfStudy;
			sourceTree = "<group>";
		};
		87A96CF01F8F967700CAC2B4 /* SwiftSelfStudyTests */ = {
			isa = PBXGroup;
			children = (
				87A96CF11F8F967700CAC2B4 /* SwiftSelfStudyTests.swift */,
				87A96CF31F8F967700CAC2B4 /* Info.plist */,
			);
			path = SwiftSelfStudyTests;
			sourceTree = "<group>";
		};
		87A96CFB1F8F967700CAC2B4 /* SwiftSelfStudyUITests */ = {
			isa = PBXGroup;
			children = (
				87A96CFC1F8F967700CAC2B4 /* SwiftSelfStudyUITests.swift */,
				87A96CFE1F8F967700CAC2B4 /* Info.plist */,
			);
			path = SwiftSelfStudyUITests;
			sourceTree = "<group>";
		};
/* End PBXGroup section */

/* Begin PBXNativeTarget section */
		87A96CD81F8F967700CAC2B4 /* SwiftSelfStudy */ = {
			isa = PBXNativeTarget;
			buildConfigurationList = 87A96D011F8F967700CAC2B4 /* Build configuration list for PBXNativeTarget "SwiftSelfStudy" */;
			buildPhases = (
				87A96CD51F8F967700CAC2B4 /* Sources */,
				87A96CD61F8F967700CAC2B4 /* Frameworks */,
				87A96CD71F8F967700CAC2B4 /* Resources */,
			);
			buildRules = (
			);
			dependencies = (
			);
			name = SwiftSelfStudy;
			productName = SwiftSelfStudy;
			productReference = 87A96CD91F8F967700CAC2B4 /* SwiftSelfStudy.app */;
			productType = "com.apple.product-type.application";
		};
		87A96CEC1F8F967700CAC2B4 /* SwiftSelfStudyTests */ = {
			isa = PBXNativeTarget;
			buildConfigurationList = 87A96D041F8F967700CAC2B4 /* Build configuration list for PBXNativeTarget "SwiftSelfStudyTests" */;
			buildPhases = (
				87A96CE91F8F967700CAC2B4 /* Sources */,
				87A96CEA1F8F967700CAC2B4 /* Frameworks */,
				87A96CEB1F8F967700CAC2B4 /* Resources */,
			);
			buildRules = (
			);
			dependencies = (
				87A96CEF1F8F967700CAC2B4 /* PBXTargetDependency */,
			);
			name = SwiftSelfStudyTests;
			productName = SwiftSelfStudyTests;
			productReference = 87A96CED1F8F967700CAC2B4 /* SwiftSelfStudyTests.xctest */;
			productType = "com.apple.product-type.bundle.unit-test";
		};
		87A96CF71F8F967700CAC2B4 /* SwiftSelfStudyUITests */ = {
			isa = PBXNativeTarget;
			buildConfigurationList = 87A96D071F8F967700CAC2B4 /* Build configuration list for PBXNativeTarget "SwiftSelfStudyUITests" */;
			buildPhases = (
				87A96CF41F8F967700CAC2B4 /* Sources */,
				87A96CF51F8F967700CAC2B4 /* Frameworks */,
				87A96CF61F8F967700CAC2B4 /* Resources */,
			);
			buildRules = (
			);
			dependencies = (
				87A96CFA1F8F967700CAC2B4 /* PBXTargetDependency */,
			);
			name = SwiftSelfStudyUITests;
			productName = SwiftSelfStudyUITests;
			productReference = 87A96CF81F8F967700CAC2B4 /* SwiftSelfStudyUITests.xctest */;
			productType = "com.apple.product-type.bundle.ui-testing";
		};
/* End PBXNativeTarget section */

/* Begin PBXProject section */
		87A96CD11F8F967700CAC2B4 /* Project object */ = {
			isa = PBXProject;
			attributes = {
				LastSwiftUpdateCheck = 0830;
				LastUpgradeCheck = 0830;
				ORGANIZATIONNAME = fhc;
				TargetAttributes = {
					87A96CD81F8F967700CAC2B4 = {
						CreatedOnToolsVersion = 8.3.1;
						ProvisioningStyle = Manual;
					};
					87A96CEC1F8F967700CAC2B4 = {
						CreatedOnToolsVersion = 8.3.1;
						ProvisioningStyle = Automatic;
						TestTargetID = 87A96CD81F8F967700CAC2B4;
					};
					87A96CF71F8F967700CAC2B4 = {
						CreatedOnToolsVersion = 8.3.1;
						ProvisioningStyle = Automatic;
						TestTargetID = 87A96CD81F8F967700CAC2B4;
					};
				};
			};
			buildConfigurationList = 87A96CD41F8F967700CAC2B4 /* Build configuration list for PBXProject "SwiftSelfStudy" */;
			compatibilityVersion = "Xcode 3.2";
			developmentRegion = English;
			hasScannedForEncodings = 0;
			knownRegions = (
				en,
				Base,
			);
			mainGroup = 87A96CD01F8F967700CAC2B4;
			productRefGroup = 87A96CDA1F8F967700CAC2B4 /* Products */;
			projectDirPath = "";
			projectRoot = "";
			targets = (
				87A96CD81F8F967700CAC2B4 /* SwiftSelfStudy */,
				87A96CEC1F8F967700CAC2B4 /* SwiftSelfStudyTests */,
				87A96CF71F8F967700CAC2B4 /* SwiftSelfStudyUITests */,
			);
		};
/* End PBXProject section */

/* Begin PBXResourcesBuildPhase section */
		87A96CD71F8F967700CAC2B4 /* Resources */ = {
			isa = PBXResourcesBuildPhase;
			buildActionMask = 2147483647;
			files = (
				5B9135781FA34A85008723D3 /* SecondWeekTwoDemoCell.xib in Resources */,
				875E174A1F934D0A00020A3F /* FirstWeekOneDemo.xib in Resources */,
				5B5D01541FA82A440057073D /* ThirdWeekOneCell.xib in Resources */,
				87A96CE71F8F967700CAC2B4 /* LaunchScreen.storyboard in Resources */,
				87A96CE41F8F967700CAC2B4 /* Assets.xcassets in Resources */,
				5B8D25831FA4581F00B9A43F /* SecondWeekFourthlyCell.xib in Resources */,
				879D13E91FB08F1100B4705E /* FourthlyWeekOneDemo.xib in Resources */,
				875E174E1F9665A900020A3F /* FirstWeekTwoDemo.xib in Resources */,
				87026C341FACC631005F51E6 /* ThirdWeekFourthlyDemoTableCell.xib in Resources */,
				875E17521F9A33E100020A3F /* FirstWeekThreeDemo.xib in Resources */,
				875E175A1F9F71B500020A3F /* SecondWeekOneDemo.xib in Resources */,
				87A96CE21F8F967700CAC2B4 /* Main.storyboard in Resources */,
				5B9EA15E1F9EE9FB00AF5CBB /* countryData.json in Resources */,
				87026C3A1FADEF8B005F51E6 /* ThirdWeekFifthDemoCell.xib in Resources */,
				87026C281FAA0241005F51E6 /* ThirdWeekThreeDemoCell.xib in Resources */,
				879D13F51FB1E01000B4705E /* FourthlyWeekTwoDemo.xib in Resources */,
				87026C161FA21130005F51E6 /* SecondWeekOneDemoDetail.xib in Resources */,
				87026C1C1FA57B15005F51E6 /* SecondWeekThreeDemoEdit.xib in Resources */,
				875E17561F9C7AF100020A3F /* FirstWeekFourthlyDemo.xib in Resources */,
				87026C3E1FADF0CB005F51E6 /* ThirdWeekFifthDetailVC.xib in Resources */,
				5B8D25971FA4790700B9A43F /* SecondWeekThreeDemoCell.xib in Resources */,
				87026C221FA8C901005F51E6 /* ThirdWeekTwoDemoCell.xib in Resources */,
				87026C301FACBED0005F51E6 /* ThirdWeekFourthlyDemoCell.xib in Resources */,
			);
			runOnlyForDeploymentPostprocessing = 0;
		};
		87A96CEB1F8F967700CAC2B4 /* Resources */ = {
			isa = PBXResourcesBuildPhase;
			buildActionMask = 2147483647;
			files = (
			);
			runOnlyForDeploymentPostprocessing = 0;
		};
		87A96CF61F8F967700CAC2B4 /* Resources */ = {
			isa = PBXResourcesBuildPhase;
			buildActionMask = 2147483647;
			files = (
			);
			runOnlyForDeploymentPostprocessing = 0;
		};
/* End PBXResourcesBuildPhase section */

/* Begin PBXSourcesBuildPhase section */
		87A96CD51F8F967700CAC2B4 /* Sources */ = {
			isa = PBXSourcesBuildPhase;
			buildActionMask = 2147483647;
			files = (
				879D13E81FB08F1100B4705E /* FourthlyWeekOneDemo.swift in Sources */,
				5B5D014E1FA80D270057073D /* ThirdWeekOneDemo.swift in Sources */,
				5B9EA15C1F9EDC8400AF5CBB /* FirstWeekFourthlyModel.swift in Sources */,
				879D13E51FB08BA000B4705E /* FourWeekVC.swift in Sources */,
				5B91357C1FA35591008723D3 /* SecondWeekFourthlyDemo.swift in Sources */,
				87026C3D1FADF0CB005F51E6 /* ThirdWeekFifthDetailVC.swift in Sources */,
				87026C2F1FACBED0005F51E6 /* ThirdWeekFourthlyDemoCell.swift in Sources */,
				875E17491F934D0A00020A3F /* FirstWeekOneDemo.swift in Sources */,
				875E17441F9348F600020A3F /* FirstWeekVC.swift in Sources */,
				5B9135771FA34A85008723D3 /* SecondWeekTwoDemoCell.swift in Sources */,
				875E17511F9A33E100020A3F /* FirstWeekThreeDemo.swift in Sources */,
				87026C391FADEF8B005F51E6 /* ThirdWeekFifthDemoCell.swift in Sources */,
				87026C181FA21B0C005F51E6 /* SecondWeekTwoDemo.swift in Sources */,
				87A96CDF1F8F967700CAC2B4 /* ViewController.swift in Sources */,
				875E17551F9C7AF100020A3F /* FirstWeekFourthlyDemo.swift in Sources */,
				5B5D01531FA82A440057073D /* ThirdWeekOneCell.swift in Sources */,
				5B8D25961FA4790700B9A43F /* SecondWeekThreeDemoCell.swift in Sources */,
				87026C1E1FA8C7FE005F51E6 /* ThirdWeekTwoDemo.swift in Sources */,
				875E174D1F9665A900020A3F /* FirstWeekTwoDemo.swift in Sources */,
				875E175C1FA0C59700020A3F /* SecondWeekOneDemoModel.swift in Sources */,
				87026C331FACC631005F51E6 /* ThirdWeekFourthlyDemoTableCell.swift in Sources */,
				87026C271FAA0241005F51E6 /* ThirdWeekThreeDemoCell.swift in Sources */,
				5B8D25821FA4581F00B9A43F /* SecondWeekFourthlyCell.swift in Sources */,
				5B9EA15A1F9EC73800AF5CBB /* SecondWeekVC.swift in Sources */,
				87026C361FADEC75005F51E6 /* ThirdWeekFifthDemo.swift in Sources */,
				5B8D25991FA4830600B9A43F /* SecondWeekThirdDemoModel.swift in Sources */,
				5B1B48321FAB478B00F669AB /* ThirdWeekThreeDemoModel.swift in Sources */,
				87A96CDD1F8F967700CAC2B4 /* AppDelegate.swift in Sources */,
				87026C2C1FACA5C6005F51E6 /* ThirdWeekFourthlyDemo.swift in Sources */,
				5B5D014C1FA7FF7A0057073D /* ThirdWeekVC.swift in Sources */,
				5B91357A1FA3554B008723D3 /* SecondWeekThreeDemo.swift in Sources */,
				87026C2A1FAA02F9005F51E6 /* ThirdWeekThreeWaterFallLayout.swift in Sources */,
				87026C211FA8C901005F51E6 /* ThirdWeekTwoDemoCell.swift in Sources */,
				5B5D01561FA874F50057073D /* ThirdWeekOneFlowLayout.swift in Sources */,
				87026C151FA21130005F51E6 /* SecondWeekOneDemoDetail.swift in Sources */,
				875E17591F9F71B500020A3F /* SecondWeekOneDemo.swift in Sources */,
				87026C241FA9FFCA005F51E6 /* ThirdWeekThreeDemo.swift in Sources */,
				879D13F41FB1E01000B4705E /* FourthlyWeekTwoDemo.swift in Sources */,
				87026C1B1FA57B15005F51E6 /* SecondWeekThreeDemoEdit.swift in Sources */,
			);
			runOnlyForDeploymentPostprocessing = 0;
		};
		87A96CE91F8F967700CAC2B4 /* Sources */ = {
			isa = PBXSourcesBuildPhase;
			buildActionMask = 2147483647;
			files = (
				87A96CF21F8F967700CAC2B4 /* SwiftSelfStudyTests.swift in Sources */,
			);
			runOnlyForDeploymentPostprocessing = 0;
		};
		87A96CF41F8F967700CAC2B4 /* Sources */ = {
			isa = PBXSourcesBuildPhase;
			buildActionMask = 2147483647;
			files = (
				87A96CFD1F8F967700CAC2B4 /* SwiftSelfStudyUITests.swift in Sources */,
			);
			runOnlyForDeploymentPostprocessing = 0;
		};
/* End PBXSourcesBuildPhase section */

/* Begin PBXTargetDependency section */
		87A96CEF1F8F967700CAC2B4 /* PBXTargetDependency */ = {
			isa = PBXTargetDependency;
			target = 87A96CD81F8F967700CAC2B4 /* SwiftSelfStudy */;
			targetProxy = 87A96CEE1F8F967700CAC2B4 /* PBXContainerItemProxy */;
		};
		87A96CFA1F8F967700CAC2B4 /* PBXTargetDependency */ = {
			isa = PBXTargetDependency;
			target = 87A96CD81F8F967700CAC2B4 /* SwiftSelfStudy */;
			targetProxy = 87A96CF91F8F967700CAC2B4 /* PBXContainerItemProxy */;
		};
/* End PBXTargetDependency section */

/* Begin PBXVariantGroup section */
		87A96CE01F8F967700CAC2B4 /* Main.storyboard */ = {
			isa = PBXVariantGroup;
			children = (
				87A96CE11F8F967700CAC2B4 /* Base */,
			);
			name = Main.storyboard;
			sourceTree = "<group>";
		};
		87A96CE51F8F967700CAC2B4 /* LaunchScreen.storyboard */ = {
			isa = PBXVariantGroup;
			children = (
				87A96CE61F8F967700CAC2B4 /* Base */,
			);
			name = LaunchScreen.storyboard;
			sourceTree = "<group>";
		};
/* End PBXVariantGroup section */

/* Begin XCBuildConfiguration section */
		87A96CFF1F8F967700CAC2B4 /* Debug */ = {
			isa = XCBuildConfiguration;
			buildSettings = {
				ALWAYS_SEARCH_USER_PATHS = NO;
				CLANG_ANALYZER_NONNULL = YES;
				CLANG_ANALYZER_NUMBER_OBJECT_CONVERSION = YES_AGGRESSIVE;
				CLANG_CXX_LANGUAGE_STANDARD = "gnu++0x";
				CLANG_CXX_LIBRARY = "libc++";
				CLANG_ENABLE_MODULES = YES;
				CLANG_ENABLE_OBJC_ARC = YES;
				CLANG_WARN_BOOL_CONVERSION = YES;
				CLANG_WARN_CONSTANT_CONVERSION = YES;
				CLANG_WARN_DIRECT_OBJC_ISA_USAGE = YES_ERROR;
				CLANG_WARN_DOCUMENTATION_COMMENTS = YES;
				CLANG_WARN_EMPTY_BODY = YES;
				CLANG_WARN_ENUM_CONVERSION = YES;
				CLANG_WARN_INFINITE_RECURSION = YES;
				CLANG_WARN_INT_CONVERSION = YES;
				CLANG_WARN_OBJC_ROOT_CLASS = YES_ERROR;
				CLANG_WARN_SUSPICIOUS_MOVE = YES;
				CLANG_WARN_UNREACHABLE_CODE = YES;
				CLANG_WARN__DUPLICATE_METHOD_MATCH = YES;
				"CODE_SIGN_IDENTITY[sdk=iphoneos*]" = "iPhone Developer";
				COPY_PHASE_STRIP = NO;
				DEBUG_INFORMATION_FORMAT = dwarf;
				ENABLE_STRICT_OBJC_MSGSEND = YES;
				ENABLE_TESTABILITY = YES;
				GCC_C_LANGUAGE_STANDARD = gnu99;
				GCC_DYNAMIC_NO_PIC = NO;
				GCC_NO_COMMON_BLOCKS = YES;
				GCC_OPTIMIZATION_LEVEL = 0;
				GCC_PREPROCESSOR_DEFINITIONS = (
					"DEBUG=1",
					"$(inherited)",
				);
				GCC_WARN_64_TO_32_BIT_CONVERSION = YES;
				GCC_WARN_ABOUT_RETURN_TYPE = YES_ERROR;
				GCC_WARN_UNDECLARED_SELECTOR = YES;
				GCC_WARN_UNINITIALIZED_AUTOS = YES_AGGRESSIVE;
				GCC_WARN_UNUSED_FUNCTION = YES;
				GCC_WARN_UNUSED_VARIABLE = YES;
				IPHONEOS_DEPLOYMENT_TARGET = 10.3;
				MTL_ENABLE_DEBUG_INFO = YES;
				ONLY_ACTIVE_ARCH = YES;
				SDKROOT = iphoneos;
				SWIFT_ACTIVE_COMPILATION_CONDITIONS = DEBUG;
				SWIFT_OPTIMIZATION_LEVEL = "-Onone";
			};
			name = Debug;
		};
		87A96D001F8F967700CAC2B4 /* Release */ = {
			isa = XCBuildConfiguration;
			buildSettings = {
				ALWAYS_SEARCH_USER_PATHS = NO;
				CLANG_ANALYZER_NONNULL = YES;
				CLANG_ANALYZER_NUMBER_OBJECT_CONVERSION = YES_AGGRESSIVE;
				CLANG_CXX_LANGUAGE_STANDARD = "gnu++0x";
				CLANG_CXX_LIBRARY = "libc++";
				CLANG_ENABLE_MODULES = YES;
				CLANG_ENABLE_OBJC_ARC = YES;
				CLANG_WARN_BOOL_CONVERSION = YES;
				CLANG_WARN_CONSTANT_CONVERSION = YES;
				CLANG_WARN_DIRECT_OBJC_ISA_USAGE = YES_ERROR;
				CLANG_WARN_DOCUMENTATION_COMMENTS = YES;
				CLANG_WARN_EMPTY_BODY = YES;
				CLANG_WARN_ENUM_CONVERSION = YES;
				CLANG_WARN_INFINITE_RECURSION = YES;
				CLANG_WARN_INT_CONVERSION = YES;
				CLANG_WARN_OBJC_ROOT_CLASS = YES_ERROR;
				CLANG_WARN_SUSPICIOUS_MOVE = YES;
				CLANG_WARN_UNREACHABLE_CODE = YES;
				CLANG_WARN__DUPLICATE_METHOD_MATCH = YES;
				"CODE_SIGN_IDENTITY[sdk=iphoneos*]" = "iPhone Developer";
				COPY_PHASE_STRIP = NO;
				DEBUG_INFORMATION_FORMAT = "dwarf-with-dsym";
				ENABLE_NS_ASSERTIONS = NO;
				ENABLE_STRICT_OBJC_MSGSEND = YES;
				GCC_C_LANGUAGE_STANDARD = gnu99;
				GCC_NO_COMMON_BLOCKS = YES;
				GCC_WARN_64_TO_32_BIT_CONVERSION = YES;
				GCC_WARN_ABOUT_RETURN_TYPE = YES_ERROR;
				GCC_WARN_UNDECLARED_SELECTOR = YES;
				GCC_WARN_UNINITIALIZED_AUTOS = YES_AGGRESSIVE;
				GCC_WARN_UNUSED_FUNCTION = YES;
				GCC_WARN_UNUSED_VARIABLE = YES;
				IPHONEOS_DEPLOYMENT_TARGET = 10.3;
				MTL_ENABLE_DEBUG_INFO = NO;
				SDKROOT = iphoneos;
				SWIFT_OPTIMIZATION_LEVEL = "-Owholemodule";
				VALIDATE_PRODUCT = YES;
			};
			name = Release;
		};
		87A96D021F8F967700CAC2B4 /* Debug */ = {
			isa = XCBuildConfiguration;
			buildSettings = {
				ASSETCATALOG_COMPILER_APPICON_NAME = AppIcon;
				DEVELOPMENT_TEAM = "";
				INFOPLIST_FILE = SwiftSelfStudy/Info.plist;
				LD_RUNPATH_SEARCH_PATHS = "$(inherited) @executable_path/Frameworks";
				PRODUCT_BUNDLE_IDENTIFIER = fhc.SwiftSelfStudy;
				PRODUCT_NAME = "$(TARGET_NAME)";
				PROVISIONING_PROFILE_SPECIFIER = "";
				SWIFT_VERSION = 3.0;
			};
			name = Debug;
		};
		87A96D031F8F967700CAC2B4 /* Release */ = {
			isa = XCBuildConfiguration;
			buildSettings = {
				ASSETCATALOG_COMPILER_APPICON_NAME = AppIcon;
				DEVELOPMENT_TEAM = "";
				INFOPLIST_FILE = SwiftSelfStudy/Info.plist;
				LD_RUNPATH_SEARCH_PATHS = "$(inherited) @executable_path/Frameworks";
				PRODUCT_BUNDLE_IDENTIFIER = fhc.SwiftSelfStudy;
				PRODUCT_NAME = "$(TARGET_NAME)";
				PROVISIONING_PROFILE_SPECIFIER = "";
				SWIFT_VERSION = 3.0;
			};
			name = Release;
		};
		87A96D051F8F967700CAC2B4 /* Debug */ = {
			isa = XCBuildConfiguration;
			buildSettings = {
				ALWAYS_EMBED_SWIFT_STANDARD_LIBRARIES = YES;
				BUNDLE_LOADER = "$(TEST_HOST)";
				INFOPLIST_FILE = SwiftSelfStudyTests/Info.plist;
				LD_RUNPATH_SEARCH_PATHS = "$(inherited) @executable_path/Frameworks @loader_path/Frameworks";
				PRODUCT_BUNDLE_IDENTIFIER = fhc.SwiftSelfStudyTests;
				PRODUCT_NAME = "$(TARGET_NAME)";
				SWIFT_VERSION = 3.0;
				TEST_HOST = "$(BUILT_PRODUCTS_DIR)/SwiftSelfStudy.app/SwiftSelfStudy";
			};
			name = Debug;
		};
		87A96D061F8F967700CAC2B4 /* Release */ = {
			isa = XCBuildConfiguration;
			buildSettings = {
				ALWAYS_EMBED_SWIFT_STANDARD_LIBRARIES = YES;
				BUNDLE_LOADER = "$(TEST_HOST)";
				INFOPLIST_FILE = SwiftSelfStudyTests/Info.plist;
				LD_RUNPATH_SEARCH_PATHS = "$(inherited) @executable_path/Frameworks @loader_path/Frameworks";
				PRODUCT_BUNDLE_IDENTIFIER = fhc.SwiftSelfStudyTests;
				PRODUCT_NAME = "$(TARGET_NAME)";
				SWIFT_VERSION = 3.0;
				TEST_HOST = "$(BUILT_PRODUCTS_DIR)/SwiftSelfStudy.app/SwiftSelfStudy";
			};
			name = Release;
		};
		87A96D081F8F967700CAC2B4 /* Debug */ = {
			isa = XCBuildConfiguration;
			buildSettings = {
				ALWAYS_EMBED_SWIFT_STANDARD_LIBRARIES = YES;
				INFOPLIST_FILE = SwiftSelfStudyUITests/Info.plist;
				LD_RUNPATH_SEARCH_PATHS = "$(inherited) @executable_path/Frameworks @loader_path/Frameworks";
				PRODUCT_BUNDLE_IDENTIFIER = fhc.SwiftSelfStudyUITests;
				PRODUCT_NAME = "$(TARGET_NAME)";
				SWIFT_VERSION = 3.0;
				TEST_TARGET_NAME = SwiftSelfStudy;
			};
			name = Debug;
		};
		87A96D091F8F967700CAC2B4 /* Release */ = {
			isa = XCBuildConfiguration;
			buildSettings = {
				ALWAYS_EMBED_SWIFT_STANDARD_LIBRARIES = YES;
				INFOPLIST_FILE = SwiftSelfStudyUITests/Info.plist;
				LD_RUNPATH_SEARCH_PATHS = "$(inherited) @executable_path/Frameworks @loader_path/Frameworks";
				PRODUCT_BUNDLE_IDENTIFIER = fhc.SwiftSelfStudyUITests;
				PRODUCT_NAME = "$(TARGET_NAME)";
				SWIFT_VERSION = 3.0;
				TEST_TARGET_NAME = SwiftSelfStudy;
			};
			name = Release;
		};
/* End XCBuildConfiguration section */

/* Begin XCConfigurationList section */
		87A96CD41F8F967700CAC2B4 /* Build configuration list for PBXProject "SwiftSelfStudy" */ = {
			isa = XCConfigurationList;
			buildConfigurations = (
				87A96CFF1F8F967700CAC2B4 /* Debug */,
				87A96D001F8F967700CAC2B4 /* Release */,
			);
			defaultConfigurationIsVisible = 0;
			defaultConfigurationName = Release;
		};
		87A96D011F8F967700CAC2B4 /* Build configuration list for PBXNativeTarget "SwiftSelfStudy" */ = {
			isa = XCConfigurationList;
			buildConfigurations = (
				87A96D021F8F967700CAC2B4 /* Debug */,
				87A96D031F8F967700CAC2B4 /* Release */,
			);
			defaultConfigurationIsVisible = 0;
			defaultConfigurationName = Release;
		};
		87A96D041F8F967700CAC2B4 /* Build configuration list for PBXNativeTarget "SwiftSelfStudyTests" */ = {
			isa = XCConfigurationList;
			buildConfigurations = (
				87A96D051F8F967700CAC2B4 /* Debug */,
				87A96D061F8F967700CAC2B4 /* Release */,
			);
			defaultConfigurationIsVisible = 0;
			defaultConfigurationName = Release;
		};
		87A96D071F8F967700CAC2B4 /* Build configuration list for PBXNativeTarget "SwiftSelfStudyUITests" */ = {
			isa = XCConfigurationList;
			buildConfigurations = (
				87A96D081F8F967700CAC2B4 /* Debug */,
				87A96D091F8F967700CAC2B4 /* Release */,
			);
			defaultConfigurationIsVisible = 0;
			defaultConfigurationName = Release;
		};
/* End XCConfigurationList section */
	};
	rootObject = 87A96CD11F8F967700CAC2B4 /* Project object */;
}
